
Microsoft Visual Studio Solution File, Format Version 12.00
# Visual Studio 14
VisualStudioVersion = 14.0.25420.1
MinimumVisualStudioVersion = 10.0.40219.1
Project("{FAE04EC0-301F-11D3-BF4B-00C04F79EFBC}") = "01_MouseMove", "01_MouseMove\01_MouseMove.csproj", "{FCC6EF29-BEDD-42F8-B13B-8B99DF14E28F}"
EndProject
Project("{FAE04EC0-301F-11D3-BF4B-00C04F79EFBC}") = "02_Interval", "02_Interval\02_Interval.csproj", "{415E03F8-D6C2-4B31-9600-7102A94ED354}"
EndProject
Project("{FAE04EC0-301F-11D3-BF4B-00C04F79EFBC}") = "03_Create", "03_Create\03_Create.csproj", "{AA6B581E-85F3-4722-856B-DB76BD4F1E22}"
EndProject
Project("{FAE04EC0-301F-11D3-BF4B-00C04F79EFBC}") = "04_Subscribe", "04_Subscribe\04_Subscribe.csproj", "{316FACB3-48B6-43EB-A18E-6BD83FD9D55A}"
EndProject
Project("{FAE04EC0-301F-11D3-BF4B-00C04F79EFBC}") = "05_Catch", "05_Catch\05_Catch.csproj", "{7884341A-2636-43A9-B118-FBBCA0A0ED7F}"
EndProject
Project("{FAE04EC0-301F-11D3-BF4B-00C04F79EFBC}") = "06_Retry", "06_Retry\06_Retry.csproj", "{74C80C05-0DD8-4A2B-A92E-28391F9451CB}"
EndProject
Project("{FAE04EC0-301F-11D3-BF4B-00C04F79EFBC}") = "07_Unsubscribe", "07_Unsubscribe\07_Unsubscribe.csproj", "{8441088D-F4CC-455B-80AA-12784A99066D}"
EndProject
Project("{FAE04EC0-301F-11D3-BF4B-00C04F79EFBC}") = "08_SingleThreaded", "08_SingleThreaded\08_SingleThreaded.csproj", "{B0CEDB40-6118-49BA-B2A5-79E700D090CA}"
EndProject
Project("{FAE04EC0-301F-11D3-BF4B-00C04F79EFBC}") = "09_ObserveOn", "09_ObserveOn\09_ObserveOn.csproj", "{33384D36-57C9-4E71-A71D-CF300A40F1B2}"
EndProject
Project("{FAE04EC0-301F-11D3-BF4B-00C04F79EFBC}") = "10_ObserveOnDispatcher", "10_ObserveOnDispatcher\10_ObserveOnDispatcher.csproj", "{C9637E8B-C474-4D33-BB06-6A9EF8352E9C}"
EndProject
Project("{FAE04EC0-301F-11D3-BF4B-00C04F79EFBC}") = "11_Merge", "11_Merge\11_Merge.csproj", "{AEE73A48-69FD-437E-AF77-55E3C0CA79DB}"
EndProject
Project("{2150E333-8FDC-42A3-9474-1A3956D46DE8}") = "API Examples", "API Examples", "{34D8B238-7732-4EE7-AF54-64469856AA89}"
EndProject
Project("{2150E333-8FDC-42A3-9474-1A3956D46DE8}") = "Real Life Examples", "Real Life Examples", "{80B72B57-92D0-45A3-8F0A-19CD805E54E9}"
EndProject
Project("{FAE04EC0-301F-11D3-BF4B-00C04F79EFBC}") = "LiveSearch", "LiveSearch\LiveSearch.csproj", "{DE64949E-C464-4815-A47B-54FCF1A41DA8}"
EndProject
Project("{FAE04EC0-301F-11D3-BF4B-00C04F79EFBC}") = "Gestures", "Gestures\Gestures.csproj", "{D7C66CF3-78A6-45FE-A60C-7F0781C09F51}"
EndProject
Project("{FAE04EC0-301F-11D3-BF4B-00C04F79EFBC}") = "Downloads", "Downloads\Downloads.csproj", "{1097A437-F02D-4EA1-8580-82A95718AB90}"
EndProject
Project("{FAE04EC0-301F-11D3-BF4B-00C04F79EFBC}") = "RealtimeReservations", "RealtimeReservations\RealtimeReservations.csproj", "{7F0E73D0-04C6-418B-ACCC-41AB95E90A56}"
EndProject
Global
	GlobalSection(SolutionConfigurationPlatforms) = preSolution
		Debug|Any CPU = Debug|Any CPU
		Release|Any CPU = Release|Any CPU
	EndGlobalSection
	GlobalSection(ProjectConfigurationPlatforms) = postSolution
		{FCC6EF29-BEDD-42F8-B13B-8B99DF14E28F}.Debug|Any CPU.ActiveCfg = Debug|Any CPU
		{FCC6EF29-BEDD-42F8-B13B-8B99DF14E28F}.Debug|Any CPU.Build.0 = Debug|Any CPU
		{FCC6EF29-BEDD-42F8-B13B-8B99DF14E28F}.Release|Any CPU.ActiveCfg = Release|Any CPU
		{FCC6EF29-BEDD-42F8-B13B-8B99DF14E28F}.Release|Any CPU.Build.0 = Release|Any CPU
		{415E03F8-D6C2-4B31-9600-7102A94ED354}.Debug|Any CPU.ActiveCfg = Debug|Any CPU
		{415E03F8-D6C2-4B31-9600-7102A94ED354}.Debug|Any CPU.Build.0 = Debug|Any CPU
		{415E03F8-D6C2-4B31-9600-7102A94ED354}.Release|Any CPU.ActiveCfg = Release|Any CPU
		{415E03F8-D6C2-4B31-9600-7102A94ED354}.Release|Any CPU.Build.0 = Release|Any CPU
		{AA6B581E-85F3-4722-856B-DB76BD4F1E22}.Debug|Any CPU.ActiveCfg = Debug|Any CPU
		{AA6B581E-85F3-4722-856B-DB76BD4F1E22}.Debug|Any CPU.Build.0 = Debug|Any CPU
		{AA6B581E-85F3-4722-856B-DB76BD4F1E22}.Release|Any CPU.ActiveCfg = Release|Any CPU
		{AA6B581E-85F3-4722-856B-DB76BD4F1E22}.Release|Any CPU.Build.0 = Release|Any CPU
		{316FACB3-48B6-43EB-A18E-6BD83FD9D55A}.Debug|Any CPU.ActiveCfg = Debug|Any CPU
		{316FACB3-48B6-43EB-A18E-6BD83FD9D55A}.Debug|Any CPU.Build.0 = Debug|Any CPU
		{316FACB3-48B6-43EB-A18E-6BD83FD9D55A}.Release|Any CPU.ActiveCfg = Release|Any CPU
		{316FACB3-48B6-43EB-A18E-6BD83FD9D55A}.Release|Any CPU.Build.0 = Release|Any CPU
		{7884341A-2636-43A9-B118-FBBCA0A0ED7F}.Debug|Any CPU.ActiveCfg = Debug|Any CPU
		{7884341A-2636-43A9-B118-FBBCA0A0ED7F}.Debug|Any CPU.Build.0 = Debug|Any CPU
		{7884341A-2636-43A9-B118-FBBCA0A0ED7F}.Release|Any CPU.ActiveCfg = Release|Any CPU
		{7884341A-2636-43A9-B118-FBBCA0A0ED7F}.Release|Any CPU.Build.0 = Release|Any CPU
		{74C80C05-0DD8-4A2B-A92E-28391F9451CB}.Debug|Any CPU.ActiveCfg = Debug|Any CPU
		{74C80C05-0DD8-4A2B-A92E-28391F9451CB}.Debug|Any CPU.Build.0 = Debug|Any CPU
		{74C80C05-0DD8-4A2B-A92E-28391F9451CB}.Release|Any CPU.ActiveCfg = Release|Any CPU
		{74C80C05-0DD8-4A2B-A92E-28391F9451CB}.Release|Any CPU.Build.0 = Release|Any CPU
		{8441088D-F4CC-455B-80AA-12784A99066D}.Debug|Any CPU.ActiveCfg = Debug|Any CPU
		{8441088D-F4CC-455B-80AA-12784A99066D}.Debug|Any CPU.Build.0 = Debug|Any CPU
		{8441088D-F4CC-455B-80AA-12784A99066D}.Release|Any CPU.ActiveCfg = Release|Any CPU
		{8441088D-F4CC-455B-80AA-12784A99066D}.Release|Any CPU.Build.0 = Release|Any CPU
		{B0CEDB40-6118-49BA-B2A5-79E700D090CA}.Debug|Any CPU.ActiveCfg = Debug|Any CPU
		{B0CEDB40-6118-49BA-B2A5-79E700D090CA}.Debug|Any CPU.Build.0 = Debug|Any CPU
		{B0CEDB40-6118-49BA-B2A5-79E700D090CA}.Release|Any CPU.ActiveCfg = Release|Any CPU
		{B0CEDB40-6118-49BA-B2A5-79E700D090CA}.Release|Any CPU.Build.0 = Release|Any CPU
		{33384D36-57C9-4E71-A71D-CF300A40F1B2}.Debug|Any CPU.ActiveCfg = Debug|Any CPU
		{33384D36-57C9-4E71-A71D-CF300A40F1B2}.Debug|Any CPU.Build.0 = Debug|Any CPU
		{33384D36-57C9-4E71-A71D-CF300A40F1B2}.Release|Any CPU.ActiveCfg = Release|Any CPU
		{33384D36-57C9-4E71-A71D-CF300A40F1B2}.Release|Any CPU.Build.0 = Release|Any CPU
		{C9637E8B-C474-4D33-BB06-6A9EF8352E9C}.Debug|Any CPU.ActiveCfg = Debug|Any CPU
		{C9637E8B-C474-4D33-BB06-6A9EF8352E9C}.Debug|Any CPU.Build.0 = Debug|Any CPU
		{C9637E8B-C474-4D33-BB06-6A9EF8352E9C}.Release|Any CPU.ActiveCfg = Release|Any CPU
		{C9637E8B-C474-4D33-BB06-6A9EF8352E9C}.Release|Any CPU.Build.0 = Release|Any CPU
		{AEE73A48-69FD-437E-AF77-55E3C0CA79DB}.Debug|Any CPU.ActiveCfg = Debug|Any CPU
		{AEE73A48-69FD-437E-AF77-55E3C0CA79DB}.Debug|Any CPU.Build.0 = Debug|Any CPU
		{AEE73A48-69FD-437E-AF77-55E3C0CA79DB}.Release|Any CPU.ActiveCfg = Release|Any CPU
		{AEE73A48-69FD-437E-AF77-55E3C0CA79DB}.Release|Any CPU.Build.0 = Release|Any CPU
		{DE64949E-C464-4815-A47B-54FCF1A41DA8}.Debug|Any CPU.ActiveCfg = Debug|Any CPU
		{DE64949E-C464-4815-A47B-54FCF1A41DA8}.Debug|Any CPU.Build.0 = Debug|Any CPU
		{DE64949E-C464-4815-A47B-54FCF1A41DA8}.Release|Any CPU.ActiveCfg = Release|Any CPU
		{DE64949E-C464-4815-A47B-54FCF1A41DA8}.Release|Any CPU.Build.0 = Release|Any CPU
		{D7C66CF3-78A6-45FE-A60C-7F0781C09F51}.Debug|Any CPU.ActiveCfg = Debug|Any CPU
		{D7C66CF3-78A6-45FE-A60C-7F0781C09F51}.Debug|Any CPU.Build.0 = Debug|Any CPU
		{D7C66CF3-78A6-45FE-A60C-7F0781C09F51}.Release|Any CPU.ActiveCfg = Release|Any CPU
		{D7C66CF3-78A6-45FE-A60C-7F0781C09F51}.Release|Any CPU.Build.0 = Release|Any CPU
		{1097A437-F02D-4EA1-8580-82A95718AB90}.Debug|Any CPU.ActiveCfg = Debug|Any CPU
		{1097A437-F02D-4EA1-8580-82A95718AB90}.Debug|Any CPU.Build.0 = Debug|Any CPU
		{1097A437-F02D-4EA1-8580-82A95718AB90}.Release|Any CPU.ActiveCfg = Release|Any CPU
		{1097A437-F02D-4EA1-8580-82A95718AB90}.Release|Any CPU.Build.0 = Release|Any CPU
		{7F0E73D0-04C6-418B-ACCC-41AB95E90A56}.Debug|Any CPU.ActiveCfg = Debug|Any CPU
		{7F0E73D0-04C6-418B-ACCC-41AB95E90A56}.Debug|Any CPU.Build.0 = Debug|Any CPU
		{7F0E73D0-04C6-418B-ACCC-41AB95E90A56}.Release|Any CPU.ActiveCfg = Release|Any CPU
		{7F0E73D0-04C6-418B-ACCC-41AB95E90A56}.Release|Any CPU.Build.0 = Release|Any CPU
	EndGlobalSection
	GlobalSection(SolutionProperties) = preSolution
		HideSolutionNode = FALSE
	EndGlobalSection
	GlobalSection(NestedProjects) = preSolution
		{FCC6EF29-BEDD-42F8-B13B-8B99DF14E28F} = {34D8B238-7732-4EE7-AF54-64469856AA89}
		{415E03F8-D6C2-4B31-9600-7102A94ED354} = {34D8B238-7732-4EE7-AF54-64469856AA89}
		{AA6B581E-85F3-4722-856B-DB76BD4F1E22} = {34D8B238-7732-4EE7-AF54-64469856AA89}
		{316FACB3-48B6-43EB-A18E-6BD83FD9D55A} = {34D8B238-7732-4EE7-AF54-64469856AA89}
		{7884341A-2636-43A9-B118-FBBCA0A0ED7F} = {34D8B238-7732-4EE7-AF54-64469856AA89}
		{74C80C05-0DD8-4A2B-A92E-28391F9451CB} = {34D8B238-7732-4EE7-AF54-64469856AA89}
		{8441088D-F4CC-455B-80AA-12784A99066D} = {34D8B238-7732-4EE7-AF54-64469856AA89}
		{B0CEDB40-6118-49BA-B2A5-79E700D090CA} = {34D8B238-7732-4EE7-AF54-64469856AA89}
		{33384D36-57C9-4E71-A71D-CF300A40F1B2} = {34D8B238-7732-4EE7-AF54-64469856AA89}
		{C9637E8B-C474-4D33-BB06-6A9EF8352E9C} = {34D8B238-7732-4EE7-AF54-64469856AA89}
		{AEE73A48-69FD-437E-AF77-55E3C0CA79DB} = {34D8B238-7732-4EE7-AF54-64469856AA89}
		{DE64949E-C464-4815-A47B-54FCF1A41DA8} = {80B72B57-92D0-45A3-8F0A-19CD805E54E9}
		{D7C66CF3-78A6-45FE-A60C-7F0781C09F51} = {80B72B57-92D0-45A3-8F0A-19CD805E54E9}
		{1097A437-F02D-4EA1-8580-82A95718AB90} = {80B72B57-92D0-45A3-8F0A-19CD805E54E9}
		{7F0E73D0-04C6-418B-ACCC-41AB95E90A56} = {80B72B57-92D0-45A3-8F0A-19CD805E54E9}
	EndGlobalSection
EndGlobal
